
Microsoft Visual Studio Solution File, Format Version 12.00
# Visual Studio Version 16
VisualStudioVersion = 16.0.30011.22
MinimumVisualStudioVersion = 10.0.40219.1
Project("{FAE04EC0-301F-11D3-BF4B-00C04F79EFBC}") = "ApiCatalogoProducao", "ApiCatalogoProducao\ApiCatalogoProducao.csproj", "{8EC4A4A0-F4F4-4FA2-A9DD-F6EFCD441BD6}"
EndProject
Project("{FAE04EC0-301F-11D3-BF4B-00C04F79EFBC}") = "ApiCatalogoProducao.BusinessObject", "ApiCatalogoProducao.BusinessObject\ApiCatalogoProducao.BusinessObject.csproj", "{1DA66CD0-FF7F-45F9-BFEB-2879DAA4C33F}"
EndProject
Global
	GlobalSection(SolutionConfigurationPlatforms) = preSolution
		Debug|Any CPU = Debug|Any CPU
		Release|Any CPU = Release|Any CPU
	EndGlobalSection
	GlobalSection(ProjectConfigurationPlatforms) = postSolution
		{8EC4A4A0-F4F4-4FA2-A9DD-F6EFCD441BD6}.Debug|Any CPU.ActiveCfg = Debug|Any CPU
		{8EC4A4A0-F4F4-4FA2-A9DD-F6EFCD441BD6}.Debug|Any CPU.Build.0 = Debug|Any CPU
		{8EC4A4A0-F4F4-4FA2-A9DD-F6EFCD441BD6}.Release|Any CPU.ActiveCfg = Release|Any CPU
		{8EC4A4A0-F4F4-4FA2-A9DD-F6EFCD441BD6}.Release|Any CPU.Build.0 = Release|Any CPU
		{1DA66CD0-FF7F-45F9-BFEB-2879DAA4C33F}.Debug|Any CPU.ActiveCfg = Debug|Any CPU
		{1DA66CD0-FF7F-45F9-BFEB-2879DAA4C33F}.Debug|Any CPU.Build.0 = Debug|Any CPU
		{1DA66CD0-FF7F-45F9-BFEB-2879DAA4C33F}.Release|Any CPU.ActiveCfg = Release|Any CPU
		{1DA66CD0-FF7F-45F9-BFEB-2879DAA4C33F}.Release|Any CPU.Build.0 = Release|Any CPU
	EndGlobalSection
	GlobalSection(SolutionProperties) = preSolution
		HideSolutionNode = FALSE
	EndGlobalSection
	GlobalSection(ExtensibilityGlobals) = postSolution
		SolutionGuid = {5796085B-6278-4EB6-9FC0-4980E042CC42}
	EndGlobalSection
EndGlobal
